
Microsoft Visual Studio Solution File, Format Version 12.00
# Visual Studio Version 17
VisualStudioVersion = 17.11.35312.102
MinimumVisualStudioVersion = 10.0.40219.1
Project("{FAE04EC0-301F-11D3-BF4B-00C04F79EFBC}") = "harkka", "harkka\harkka.csproj", "{2AA05C65-202B-4455-B2A0-3899D9B915FA}"
EndProject
Global
	GlobalSection(SolutionConfigurationPlatforms) = preSolution
		Debug|Any CPU = Debug|Any CPU
		Release|Any CPU = Release|Any CPU
	EndGlobalSection
	GlobalSection(ProjectConfigurationPlatforms) = postSolution
		{2AA05C65-202B-4455-B2A0-3899D9B915FA}.Debug|Any CPU.ActiveCfg = Debug|Any CPU
		{2AA05C65-202B-4455-B2A0-3899D9B915FA}.Debug|Any CPU.Build.0 = Debug|Any CPU
		{2AA05C65-202B-4455-B2A0-3899D9B915FA}.Release|Any CPU.ActiveCfg = Release|Any CPU
		{2AA05C65-202B-4455-B2A0-3899D9B915FA}.Release|Any CPU.Build.0 = Release|Any CPU
	EndGlobalSection
	GlobalSection(SolutionProperties) = preSolution
		HideSolutionNode = FALSE
	EndGlobalSection
	GlobalSection(ExtensibilityGlobals) = postSolution
		SolutionGuid = {1A14F787-ED36-401B-8254-494FE498149B}
	EndGlobalSection
EndGlobal
